
Microsoft Visual Studio Solution File, Format Version 12.00
# Visual Studio Version 17
VisualStudioVersion = 17.0.31903.59
MinimumVisualStudioVersion = 10.0.40219.1
Project("{2150E333-8FDC-42A3-9474-1A3956D46DE8}") = "src", "src", "{702500A3-2AA6-461B-8394-3A02863613D4}"
EndProject
Project("{FAE04EC0-301F-11D3-BF4B-00C04F79EFBC}") = "Cli", "src\Cli\Cli.csproj", "{13B665BF-9D72-49FC-BEC3-68BBA9172D1C}"
EndProject
Project("{FAE04EC0-301F-11D3-BF4B-00C04F79EFBC}") = "Lib", "src\Lib\Lib.csproj", "{29DAC958-82F0-4F0D-AC6E-D5452CF1631B}"
EndProject
Project("{2150E333-8FDC-42A3-9474-1A3956D46DE8}") = "tests", "tests", "{D4C2BEEA-52BF-45DF-BDD6-C36C9AC5CDCC}"
EndProject
Project("{FAE04EC0-301F-11D3-BF4B-00C04F79EFBC}") = "XpTrackerTests", "tests\XpTrackerTests.csproj", "{2DE803EF-E6CE-459F-832D-EC14181D7284}"
EndProject
Global
	GlobalSection(SolutionConfigurationPlatforms) = preSolution
		Debug|Any CPU = Debug|Any CPU
		Release|Any CPU = Release|Any CPU
	EndGlobalSection
	GlobalSection(SolutionProperties) = preSolution
		HideSolutionNode = FALSE
	EndGlobalSection
	GlobalSection(ProjectConfigurationPlatforms) = postSolution
		{13B665BF-9D72-49FC-BEC3-68BBA9172D1C}.Debug|Any CPU.ActiveCfg = Debug|Any CPU
		{13B665BF-9D72-49FC-BEC3-68BBA9172D1C}.Debug|Any CPU.Build.0 = Debug|Any CPU
		{13B665BF-9D72-49FC-BEC3-68BBA9172D1C}.Release|Any CPU.ActiveCfg = Release|Any CPU
		{13B665BF-9D72-49FC-BEC3-68BBA9172D1C}.Release|Any CPU.Build.0 = Release|Any CPU
		{29DAC958-82F0-4F0D-AC6E-D5452CF1631B}.Debug|Any CPU.ActiveCfg = Debug|Any CPU
		{29DAC958-82F0-4F0D-AC6E-D5452CF1631B}.Debug|Any CPU.Build.0 = Debug|Any CPU
		{29DAC958-82F0-4F0D-AC6E-D5452CF1631B}.Release|Any CPU.ActiveCfg = Release|Any CPU
		{29DAC958-82F0-4F0D-AC6E-D5452CF1631B}.Release|Any CPU.Build.0 = Release|Any CPU
		{2DE803EF-E6CE-459F-832D-EC14181D7284}.Debug|Any CPU.ActiveCfg = Debug|Any CPU
		{2DE803EF-E6CE-459F-832D-EC14181D7284}.Debug|Any CPU.Build.0 = Debug|Any CPU
		{2DE803EF-E6CE-459F-832D-EC14181D7284}.Release|Any CPU.ActiveCfg = Release|Any CPU
		{2DE803EF-E6CE-459F-832D-EC14181D7284}.Release|Any CPU.Build.0 = Release|Any CPU
	EndGlobalSection
	GlobalSection(NestedProjects) = preSolution
		{13B665BF-9D72-49FC-BEC3-68BBA9172D1C} = {702500A3-2AA6-461B-8394-3A02863613D4}
		{29DAC958-82F0-4F0D-AC6E-D5452CF1631B} = {702500A3-2AA6-461B-8394-3A02863613D4}
		{2DE803EF-E6CE-459F-832D-EC14181D7284} = {D4C2BEEA-52BF-45DF-BDD6-C36C9AC5CDCC}
	EndGlobalSection
EndGlobal
